{
	"name": "siteorigin-panels-tests",
	"lockfileVersion": 3,
	"requires": true,
	"packages": {
		"": {
			"name": "siteorigin-panels-tests",
			"devDependencies": {
				"backbone": "^1.6.0",
				"underscore": "^1.13.7"
			},
			"engines": {
				"node": ">=20"
			}
		},
		"node_modules/backbone": {
			"version": "1.6.1",
			"resolved": "https://registry.npmjs.org/backbone/-/backbone-1.6.1.tgz",
			"integrity": "sha512-YQzWxOrIgL6BoFnZjThVN99smKYhyEXXFyJJ2lsF1wJLyo4t+QjmkLrH8/fN22FZ4ykF70Xq7PgTugJVR4zS9Q==",
			"dev": true,
			"dependencies": {
				"underscore": ">=1.8.3"
			}
		},
		"node_modules/underscore": {
			"version": "1.13.8",
			"resolved": "https://registry.npmjs.org/underscore/-/underscore-1.13.8.tgz",
			"integrity": "sha512-DXtD3ZtEQzc7M8m4cXotyHR+FAS18C64asBYY5vqZexfYryNNnDc02W4hKg3rdQuqOYas1jkseX0+nZXjTXnvQ==",
			"dev": true
		}
	}
}
